<Solution>
  <Folder Name="/Chapter [01]/" />
  <Folder Name="/Chapter [01]/Page [09]/">
    <Project Path="Chapter [01]/Page [09]/CollectionExpressions/CollectionExpressions.csproj" />
    <Project Path="Chapter [01]/Page [09]/PrimaryConstructors/PrimaryConstructors.csproj" />
  </Folder>
</Solution>
